// !$*UTF8*$!
{
	archiveVersion = 1;
	classes = {
	};
	objectVersion = 56;
	objects = {

/* Begin PBXBuildFile section */
		07394A8401865471BB67FFE0 /* Pods_SevenApssExampleTests.framework in Frameworks */ = {isa = PBXBuildFile; fileRef = EA1CDD29AE5542C1FCFFA6E6 /* Pods_SevenApssExampleTests.framework */; };
		167E8B79E663072440D0ACB8 /* Pods_SevenApssExample_SevenApssExampleUITests.framework in Frameworks */ = {isa = PBXBuildFile; fileRef = BCCD1F3552D8E1961364563D /* Pods_SevenApssExample_SevenApssExampleUITests.framework */; };
		D944F192442777DF636C8C31 /* Pods_SevenApssExample.framework in Frameworks */ = {isa = PBXBuildFile; fileRef = 55547088AEAA104363A93656 /* Pods_SevenApssExample.framework */; };
		FEB2742F2D3D538500BA8EE2 /* AppDelegate.swift in Sources */ = {isa = PBXBuildFile; fileRef = FEB2742E2D3D538500BA8EE2 /* AppDelegate.swift */; };
		FEB274312D3D538500BA8EE2 /* SceneDelegate.swift in Sources */ = {isa = PBXBuildFile; fileRef = FEB274302D3D538500BA8EE2 /* SceneDelegate.swift */; };
		FEB274332D3D538500BA8EE2 /* UserViewController.swift in Sources */ = {isa = PBXBuildFile; fileRef = FEB274322D3D538500BA8EE2 /* UserViewController.swift */; };
		FEB274382D3D538600BA8EE2 /* Assets.xcassets in Resources */ = {isa = PBXBuildFile; fileRef = FEB274372D3D538600BA8EE2 /* Assets.xcassets */; };
		FEB2743B2D3D538600BA8EE2 /* Base in Resources */ = {isa = PBXBuildFile; fileRef = FEB2743A2D3D538600BA8EE2 /* Base */; };
		FEB274462D3D538600BA8EE2 /* SevenApssExampleTests.swift in Sources */ = {isa = PBXBuildFile; fileRef = FEB274452D3D538600BA8EE2 /* SevenApssExampleTests.swift */; };
		FEB274502D3D538600BA8EE2 /* SevenApssExampleUITests.swift in Sources */ = {isa = PBXBuildFile; fileRef = FEB2744F2D3D538600BA8EE2 /* SevenApssExampleUITests.swift */; };
		FEB274522D3D538600BA8EE2 /* SevenApssExampleUITestsLaunchTests.swift in Sources */ = {isa = PBXBuildFile; fileRef = FEB274512D3D538600BA8EE2 /* SevenApssExampleUITestsLaunchTests.swift */; };
		FEB274622D3D562100BA8EE2 /* UserModel.swift in Sources */ = {isa = PBXBuildFile; fileRef = FEB274612D3D562100BA8EE2 /* UserModel.swift */; };
		FEB274642D3D562C00BA8EE2 /* UserViewModel.swift in Sources */ = {isa = PBXBuildFile; fileRef = FEB274632D3D562C00BA8EE2 /* UserViewModel.swift */; };
		FEB274672D3D57E800BA8EE2 /* BaseViewController.swift in Sources */ = {isa = PBXBuildFile; fileRef = FEB274662D3D57E800BA8EE2 /* BaseViewController.swift */; };
		FEB2746A2D3D58B600BA8EE2 /* UITableView+Ext.swift in Sources */ = {isa = PBXBuildFile; fileRef = FEB274692D3D58B600BA8EE2 /* UITableView+Ext.swift */; };
		FEB2746E2D3D58D900BA8EE2 /* UserTableViewCell.swift in Sources */ = {isa = PBXBuildFile; fileRef = FEB2746C2D3D58D900BA8EE2 /* UserTableViewCell.swift */; };
		FEB2746F2D3D58D900BA8EE2 /* UserTableViewCell.xib in Resources */ = {isa = PBXBuildFile; fileRef = FEB2746D2D3D58D900BA8EE2 /* UserTableViewCell.xib */; };
		FEB274712D3D5A5F00BA8EE2 /* APIClient.swift in Sources */ = {isa = PBXBuildFile; fileRef = FEB274702D3D5A5F00BA8EE2 /* APIClient.swift */; };
		FEB274742D3D5AB800BA8EE2 /* Constants.swift in Sources */ = {isa = PBXBuildFile; fileRef = FEB274732D3D5AB800BA8EE2 /* Constants.swift */; };
		FEB274762D3D5C3400BA8EE2 /* BaseTableViewCell.swift in Sources */ = {isa = PBXBuildFile; fileRef = FEB274752D3D5C3400BA8EE2 /* BaseTableViewCell.swift */; };
		FEB274782D3D5D4A00BA8EE2 /* UserDetailViewController.swift in Sources */ = {isa = PBXBuildFile; fileRef = FEB274772D3D5D4A00BA8EE2 /* UserDetailViewController.swift */; };
		FEB2747B2D3D5D9200BA8EE2 /* LocalizableUtils.swift in Sources */ = {isa = PBXBuildFile; fileRef = FEB2747A2D3D5D9200BA8EE2 /* LocalizableUtils.swift */; };
		FEB2747E2D3D5DA200BA8EE2 /* Localizable.strings in Resources */ = {isa = PBXBuildFile; fileRef = FEB2747C2D3D5DA200BA8EE2 /* Localizable.strings */; };
		FEB274822D3D600500BA8EE2 /* UserRepository.swift in Sources */ = {isa = PBXBuildFile; fileRef = FEB274812D3D600500BA8EE2 /* UserRepository.swift */; };
		FEB274842D3D61DC00BA8EE2 /* UILabel+Ext.swift in Sources */ = {isa = PBXBuildFile; fileRef = FEB274832D3D61DC00BA8EE2 /* UILabel+Ext.swift */; };
/* End PBXBuildFile section */

/* Begin PBXContainerItemProxy section */
		FEB274422D3D538600BA8EE2 /* PBXContainerItemProxy */ = {
			isa = PBXContainerItemProxy;
			containerPortal = FEB274232D3D538500BA8EE2 /* Project object */;
			proxyType = 1;
			remoteGlobalIDString = FEB2742A2D3D538500BA8EE2;
			remoteInfo = SevenApssExample;
		};
		FEB2744C2D3D538600BA8EE2 /* PBXContainerItemProxy */ = {
			isa = PBXContainerItemProxy;
			containerPortal = FEB274232D3D538500BA8EE2 /* Project object */;
			proxyType = 1;
			remoteGlobalIDString = FEB2742A2D3D538500BA8EE2;
			remoteInfo = SevenApssExample;
		};
/* End PBXContainerItemProxy section */

/* Begin PBXFileReference section */
		2C5BAC51D914367ABC4096B8 /* Pods-SevenApssExampleTests.debug.xcconfig */ = {isa = PBXFileReference; includeInIndex = 1; lastKnownFileType = text.xcconfig; name = "Pods-SevenApssExampleTests.debug.xcconfig"; path = "Target Support Files/Pods-SevenApssExampleTests/Pods-SevenApssExampleTests.debug.xcconfig"; sourceTree = "<group>"; };
		55547088AEAA104363A93656 /* Pods_SevenApssExample.framework */ = {isa = PBXFileReference; explicitFileType = wrapper.framework; includeInIndex = 0; path = Pods_SevenApssExample.framework; sourceTree = BUILT_PRODUCTS_DIR; };
		57DD0E3855FBC4CAFFA3C118 /* Pods-SevenApssExample-SevenApssExampleUITests.debug.xcconfig */ = {isa = PBXFileReference; includeInIndex = 1; lastKnownFileType = text.xcconfig; name = "Pods-SevenApssExample-SevenApssExampleUITests.debug.xcconfig"; path = "Target Support Files/Pods-SevenApssExample-SevenApssExampleUITests/Pods-SevenApssExample-SevenApssExampleUITests.debug.xcconfig"; sourceTree = "<group>"; };
		7E720416124917561623EB93 /* Pods-SevenApssExample-SevenApssExampleUITests.release.xcconfig */ = {isa = PBXFileReference; includeInIndex = 1; lastKnownFileType = text.xcconfig; name = "Pods-SevenApssExample-SevenApssExampleUITests.release.xcconfig"; path = "Target Support Files/Pods-SevenApssExample-SevenApssExampleUITests/Pods-SevenApssExample-SevenApssExampleUITests.release.xcconfig"; sourceTree = "<group>"; };
		98ECDC5EB131AB4FF3421A76 /* Pods-SevenApssExample.release.xcconfig */ = {isa = PBXFileReference; includeInIndex = 1; lastKnownFileType = text.xcconfig; name = "Pods-SevenApssExample.release.xcconfig"; path = "Target Support Files/Pods-SevenApssExample/Pods-SevenApssExample.release.xcconfig"; sourceTree = "<group>"; };
		A6EDFF2381EFA2B25E52A1FB /* Pods-SevenApssExample.debug.xcconfig */ = {isa = PBXFileReference; includeInIndex = 1; lastKnownFileType = text.xcconfig; name = "Pods-SevenApssExample.debug.xcconfig"; path = "Target Support Files/Pods-SevenApssExample/Pods-SevenApssExample.debug.xcconfig"; sourceTree = "<group>"; };
		BCCD1F3552D8E1961364563D /* Pods_SevenApssExample_SevenApssExampleUITests.framework */ = {isa = PBXFileReference; explicitFileType = wrapper.framework; includeInIndex = 0; path = Pods_SevenApssExample_SevenApssExampleUITests.framework; sourceTree = BUILT_PRODUCTS_DIR; };
		C639ACF6441233BEDBC54F6F /* Pods-SevenApssExampleTests.release.xcconfig */ = {isa = PBXFileReference; includeInIndex = 1; lastKnownFileType = text.xcconfig; name = "Pods-SevenApssExampleTests.release.xcconfig"; path = "Target Support Files/Pods-SevenApssExampleTests/Pods-SevenApssExampleTests.release.xcconfig"; sourceTree = "<group>"; };
		EA1CDD29AE5542C1FCFFA6E6 /* Pods_SevenApssExampleTests.framework */ = {isa = PBXFileReference; explicitFileType = wrapper.framework; includeInIndex = 0; path = Pods_SevenApssExampleTests.framework; sourceTree = BUILT_PRODUCTS_DIR; };
		FEB2742B2D3D538500BA8EE2 /* SevenApssExample.app */ = {isa = PBXFileReference; explicitFileType = wrapper.application; includeInIndex = 0; path = SevenApssExample.app; sourceTree = BUILT_PRODUCTS_DIR; };
		FEB2742E2D3D538500BA8EE2 /* AppDelegate.swift */ = {isa = PBXFileReference; lastKnownFileType = sourcecode.swift; path = AppDelegate.swift; sourceTree = "<group>"; };
		FEB274302D3D538500BA8EE2 /* SceneDelegate.swift */ = {isa = PBXFileReference; lastKnownFileType = sourcecode.swift; path = SceneDelegate.swift; sourceTree = "<group>"; };
		FEB274322D3D538500BA8EE2 /* UserViewController.swift */ = {isa = PBXFileReference; lastKnownFileType = sourcecode.swift; path = UserViewController.swift; sourceTree = "<group>"; };
		FEB274372D3D538600BA8EE2 /* Assets.xcassets */ = {isa = PBXFileReference; lastKnownFileType = folder.assetcatalog; path = Assets.xcassets; sourceTree = "<group>"; };
		FEB2743A2D3D538600BA8EE2 /* Base */ = {isa = PBXFileReference; lastKnownFileType = file.storyboard; name = Base; path = Base.lproj/LaunchScreen.storyboard; sourceTree = "<group>"; };
		FEB2743C2D3D538600BA8EE2 /* Info.plist */ = {isa = PBXFileReference; lastKnownFileType = text.plist.xml; path = Info.plist; sourceTree = "<group>"; };
		FEB274412D3D538600BA8EE2 /* SevenApssExampleTests.xctest */ = {isa = PBXFileReference; explicitFileType = wrapper.cfbundle; includeInIndex = 0; path = SevenApssExampleTests.xctest; sourceTree = BUILT_PRODUCTS_DIR; };
		FEB274452D3D538600BA8EE2 /* SevenApssExampleTests.swift */ = {isa = PBXFileReference; lastKnownFileType = sourcecode.swift; path = SevenApssExampleTests.swift; sourceTree = "<group>"; };
		FEB2744B2D3D538600BA8EE2 /* SevenApssExampleUITests.xctest */ = {isa = PBXFileReference; explicitFileType = wrapper.cfbundle; includeInIndex = 0; path = SevenApssExampleUITests.xctest; sourceTree = BUILT_PRODUCTS_DIR; };
		FEB2744F2D3D538600BA8EE2 /* SevenApssExampleUITests.swift */ = {isa = PBXFileReference; lastKnownFileType = sourcecode.swift; path = SevenApssExampleUITests.swift; sourceTree = "<group>"; };
		FEB274512D3D538600BA8EE2 /* SevenApssExampleUITestsLaunchTests.swift */ = {isa = PBXFileReference; lastKnownFileType = sourcecode.swift; path = SevenApssExampleUITestsLaunchTests.swift; sourceTree = "<group>"; };
		FEB274612D3D562100BA8EE2 /* UserModel.swift */ = {isa = PBXFileReference; lastKnownFileType = sourcecode.swift; path = UserModel.swift; sourceTree = "<group>"; };
		FEB274632D3D562C00BA8EE2 /* UserViewModel.swift */ = {isa = PBXFileReference; lastKnownFileType = sourcecode.swift; path = UserViewModel.swift; sourceTree = "<group>"; };
		FEB274662D3D57E800BA8EE2 /* BaseViewController.swift */ = {isa = PBXFileReference; lastKnownFileType = sourcecode.swift; path = BaseViewController.swift; sourceTree = "<group>"; };
		FEB274692D3D58B600BA8EE2 /* UITableView+Ext.swift */ = {isa = PBXFileReference; lastKnownFileType = sourcecode.swift; path = "UITableView+Ext.swift"; sourceTree = "<group>"; };
		FEB2746C2D3D58D900BA8EE2 /* UserTableViewCell.swift */ = {isa = PBXFileReference; lastKnownFileType = sourcecode.swift; path = UserTableViewCell.swift; sourceTree = "<group>"; };
		FEB2746D2D3D58D900BA8EE2 /* UserTableViewCell.xib */ = {isa = PBXFileReference; lastKnownFileType = file.xib; path = UserTableViewCell.xib; sourceTree = "<group>"; };
		FEB274702D3D5A5F00BA8EE2 /* APIClient.swift */ = {isa = PBXFileReference; lastKnownFileType = sourcecode.swift; path = APIClient.swift; sourceTree = "<group>"; };
		FEB274732D3D5AB800BA8EE2 /* Constants.swift */ = {isa = PBXFileReference; lastKnownFileType = sourcecode.swift; path = Constants.swift; sourceTree = "<group>"; };
		FEB274752D3D5C3400BA8EE2 /* BaseTableViewCell.swift */ = {isa = PBXFileReference; lastKnownFileType = sourcecode.swift; path = BaseTableViewCell.swift; sourceTree = "<group>"; };
		FEB274772D3D5D4A00BA8EE2 /* UserDetailViewController.swift */ = {isa = PBXFileReference; lastKnownFileType = sourcecode.swift; path = UserDetailViewController.swift; sourceTree = "<group>"; };
		FEB2747A2D3D5D9200BA8EE2 /* LocalizableUtils.swift */ = {isa = PBXFileReference; lastKnownFileType = sourcecode.swift; path = LocalizableUtils.swift; sourceTree = "<group>"; };
		FEB2747D2D3D5DA200BA8EE2 /* en */ = {isa = PBXFileReference; lastKnownFileType = text.plist.strings; name = en; path = en.lproj/Localizable.strings; sourceTree = "<group>"; };
		FEB2747F2D3D5DAE00BA8EE2 /* tr */ = {isa = PBXFileReference; lastKnownFileType = text.plist.strings; name = tr; path = tr.lproj/LaunchScreen.strings; sourceTree = "<group>"; };
		FEB274802D3D5DAE00BA8EE2 /* tr */ = {isa = PBXFileReference; lastKnownFileType = text.plist.strings; name = tr; path = tr.lproj/Localizable.strings; sourceTree = "<group>"; };
		FEB274812D3D600500BA8EE2 /* UserRepository.swift */ = {isa = PBXFileReference; lastKnownFileType = sourcecode.swift; path = UserRepository.swift; sourceTree = "<group>"; };
		FEB274832D3D61DC00BA8EE2 /* UILabel+Ext.swift */ = {isa = PBXFileReference; lastKnownFileType = sourcecode.swift; path = "UILabel+Ext.swift"; sourceTree = "<group>"; };
/* End PBXFileReference section */

/* Begin PBXFrameworksBuildPhase section */
		FEB274282D3D538500BA8EE2 /* Frameworks */ = {
			isa = PBXFrameworksBuildPhase;
			buildActionMask = 2147483647;
			files = (
				D944F192442777DF636C8C31 /* Pods_SevenApssExample.framework in Frameworks */,
			);
			runOnlyForDeploymentPostprocessing = 0;
		};
		FEB2743E2D3D538600BA8EE2 /* Frameworks */ = {
			isa = PBXFrameworksBuildPhase;
			buildActionMask = 2147483647;
			files = (
				07394A8401865471BB67FFE0 /* Pods_SevenApssExampleTests.framework in Frameworks */,
			);
			runOnlyForDeploymentPostprocessing = 0;
		};
		FEB274482D3D538600BA8EE2 /* Frameworks */ = {
			isa = PBXFrameworksBuildPhase;
			buildActionMask = 2147483647;
			files = (
				167E8B79E663072440D0ACB8 /* Pods_SevenApssExample_SevenApssExampleUITests.framework in Frameworks */,
			);
			runOnlyForDeploymentPostprocessing = 0;
		};
/* End PBXFrameworksBuildPhase section */

/* Begin PBXGroup section */
		9F239EB69D24FFE255A1E1B3 /* Frameworks */ = {
			isa = PBXGroup;
			children = (
				55547088AEAA104363A93656 /* Pods_SevenApssExample.framework */,
				BCCD1F3552D8E1961364563D /* Pods_SevenApssExample_SevenApssExampleUITests.framework */,
				EA1CDD29AE5542C1FCFFA6E6 /* Pods_SevenApssExampleTests.framework */,
			);
			name = Frameworks;
			sourceTree = "<group>";
		};
		D5024A31A18CF3D1DC1DF17E /* Pods */ = {
			isa = PBXGroup;
			children = (
				A6EDFF2381EFA2B25E52A1FB /* Pods-SevenApssExample.debug.xcconfig */,
				98ECDC5EB131AB4FF3421A76 /* Pods-SevenApssExample.release.xcconfig */,
				57DD0E3855FBC4CAFFA3C118 /* Pods-SevenApssExample-SevenApssExampleUITests.debug.xcconfig */,
				7E720416124917561623EB93 /* Pods-SevenApssExample-SevenApssExampleUITests.release.xcconfig */,
				2C5BAC51D914367ABC4096B8 /* Pods-SevenApssExampleTests.debug.xcconfig */,
				C639ACF6441233BEDBC54F6F /* Pods-SevenApssExampleTests.release.xcconfig */,
			);
			path = Pods;
			sourceTree = "<group>";
		};
		FEB274222D3D538500BA8EE2 = {
			isa = PBXGroup;
			children = (
				FEB2742D2D3D538500BA8EE2 /* SevenApssExample */,
				FEB274442D3D538600BA8EE2 /* SevenApssExampleTests */,
				FEB2744E2D3D538600BA8EE2 /* SevenApssExampleUITests */,
				FEB2742C2D3D538500BA8EE2 /* Products */,
				D5024A31A18CF3D1DC1DF17E /* Pods */,
				9F239EB69D24FFE255A1E1B3 /* Frameworks */,
			);
			sourceTree = "<group>";
		};
		FEB2742C2D3D538500BA8EE2 /* Products */ = {
			isa = PBXGroup;
			children = (
				FEB2742B2D3D538500BA8EE2 /* SevenApssExample.app */,
				FEB274412D3D538600BA8EE2 /* SevenApssExampleTests.xctest */,
				FEB2744B2D3D538600BA8EE2 /* SevenApssExampleUITests.xctest */,
			);
			name = Products;
			sourceTree = "<group>";
		};
		FEB2742D2D3D538500BA8EE2 /* SevenApssExample */ = {
			isa = PBXGroup;
			children = (
				FEB2742E2D3D538500BA8EE2 /* AppDelegate.swift */,
				FEB274302D3D538500BA8EE2 /* SceneDelegate.swift */,
				FEB2745E2D3D55F900BA8EE2 /* Models */,
				FEB2745F2D3D560600BA8EE2 /* ViewModels */,
				FEB2746B2D3D58C500BA8EE2 /* Cells */,
				FEB274602D3D561700BA8EE2 /* Views */,
				FEB274852D3D74A200BA8EE2 /* Repositories */,
				FEB274652D3D567D00BA8EE2 /* Network */,
				FEB274722D3D5AA800BA8EE2 /* Utils */,
				FEB274682D3D589B00BA8EE2 /* Extension */,
				FEB274792D3D5D7900BA8EE2 /* Localization */,
				FEB274372D3D538600BA8EE2 /* Assets.xcassets */,
				FEB274392D3D538600BA8EE2 /* LaunchScreen.storyboard */,
				FEB2743C2D3D538600BA8EE2 /* Info.plist */,
			);
			path = SevenApssExample;
			sourceTree = "<group>";
		};
		FEB274442D3D538600BA8EE2 /* SevenApssExampleTests */ = {
			isa = PBXGroup;
			children = (
				FEB274452D3D538600BA8EE2 /* SevenApssExampleTests.swift */,
			);
			path = SevenApssExampleTests;
			sourceTree = "<group>";
		};
		FEB2744E2D3D538600BA8EE2 /* SevenApssExampleUITests */ = {
			isa = PBXGroup;
			children = (
				FEB2744F2D3D538600BA8EE2 /* SevenApssExampleUITests.swift */,
				FEB274512D3D538600BA8EE2 /* SevenApssExampleUITestsLaunchTests.swift */,
			);
			path = SevenApssExampleUITests;
			sourceTree = "<group>";
		};
		FEB2745E2D3D55F900BA8EE2 /* Models */ = {
			isa = PBXGroup;
			children = (
				FEB274612D3D562100BA8EE2 /* UserModel.swift */,
			);
			path = Models;
			sourceTree = "<group>";
		};
		FEB2745F2D3D560600BA8EE2 /* ViewModels */ = {
			isa = PBXGroup;
			children = (
				FEB274632D3D562C00BA8EE2 /* UserViewModel.swift */,
			);
			path = ViewModels;
			sourceTree = "<group>";
		};
		FEB274602D3D561700BA8EE2 /* Views */ = {
			isa = PBXGroup;
			children = (
				FEB274322D3D538500BA8EE2 /* UserViewController.swift */,
				FEB274662D3D57E800BA8EE2 /* BaseViewController.swift */,
				FEB274772D3D5D4A00BA8EE2 /* UserDetailViewController.swift */,
			);
			path = Views;
			sourceTree = "<group>";
		};
		FEB274652D3D567D00BA8EE2 /* Network */ = {
			isa = PBXGroup;
			children = (
				FEB274702D3D5A5F00BA8EE2 /* APIClient.swift */,
			);
			path = Network;
			sourceTree = "<group>";
		};
		FEB274682D3D589B00BA8EE2 /* Extension */ = {
			isa = PBXGroup;
			children = (
				FEB274692D3D58B600BA8EE2 /* UITableView+Ext.swift */,
				FEB274832D3D61DC00BA8EE2 /* UILabel+Ext.swift */,
			);
			path = Extension;
			sourceTree = "<group>";
		};
		FEB2746B2D3D58C500BA8EE2 /* Cells */ = {
			isa = PBXGroup;
			children = (
				FEB2746C2D3D58D900BA8EE2 /* UserTableViewCell.swift */,
				FEB2746D2D3D58D900BA8EE2 /* UserTableViewCell.xib */,
				FEB274752D3D5C3400BA8EE2 /* BaseTableViewCell.swift */,
			);
			path = Cells;
			sourceTree = "<group>";
		};
		FEB274722D3D5AA800BA8EE2 /* Utils */ = {
			isa = PBXGroup;
			children = (
				FEB274732D3D5AB800BA8EE2 /* Constants.swift */,
			);
			path = Utils;
			sourceTree = "<group>";
		};
		FEB274792D3D5D7900BA8EE2 /* Localization */ = {
			isa = PBXGroup;
			children = (
				FEB2747A2D3D5D9200BA8EE2 /* LocalizableUtils.swift */,
				FEB2747C2D3D5DA200BA8EE2 /* Localizable.strings */,
			);
			path = Localization;
			sourceTree = "<group>";
		};
		FEB274852D3D74A200BA8EE2 /* Repositories */ = {
			isa = PBXGroup;
			children = (
				FEB274812D3D600500BA8EE2 /* UserRepository.swift */,
			);
			path = Repositories;
			sourceTree = "<group>";
		};
/* End PBXGroup section */

/* Begin PBXNativeTarget section */
		FEB2742A2D3D538500BA8EE2 /* SevenApssExample */ = {
			isa = PBXNativeTarget;
			buildConfigurationList = FEB274552D3D538600BA8EE2 /* Build configuration list for PBXNativeTarget "SevenApssExample" */;
			buildPhases = (
				0ECFD917C83389CF27ACD1EB /* [CP] Check Pods Manifest.lock */,
				FEB274272D3D538500BA8EE2 /* Sources */,
				FEB274282D3D538500BA8EE2 /* Frameworks */,
				FEB274292D3D538500BA8EE2 /* Resources */,
				F966B7CB133C2CDC00084956 /* [CP] Embed Pods Frameworks */,
			);
			buildRules = (
			);
			dependencies = (
			);
			name = SevenApssExample;
			productName = SevenApssExample;
			productReference = FEB2742B2D3D538500BA8EE2 /* SevenApssExample.app */;
			productType = "com.apple.product-type.application";
		};
		FEB274402D3D538600BA8EE2 /* SevenApssExampleTests */ = {
			isa = PBXNativeTarget;
			buildConfigurationList = FEB274582D3D538600BA8EE2 /* Build configuration list for PBXNativeTarget "SevenApssExampleTests" */;
			buildPhases = (
				3405B9527418CEEC5AE5B113 /* [CP] Check Pods Manifest.lock */,
				FEB2743D2D3D538600BA8EE2 /* Sources */,
				FEB2743E2D3D538600BA8EE2 /* Frameworks */,
				FEB2743F2D3D538600BA8EE2 /* Resources */,
			);
			buildRules = (
			);
			dependencies = (
				FEB274432D3D538600BA8EE2 /* PBXTargetDependency */,
			);
			name = SevenApssExampleTests;
			productName = SevenApssExampleTests;
			productReference = FEB274412D3D538600BA8EE2 /* SevenApssExampleTests.xctest */;
			productType = "com.apple.product-type.bundle.unit-test";
		};
		FEB2744A2D3D538600BA8EE2 /* SevenApssExampleUITests */ = {
			isa = PBXNativeTarget;
			buildConfigurationList = FEB2745B2D3D538600BA8EE2 /* Build configuration list for PBXNativeTarget "SevenApssExampleUITests" */;
			buildPhases = (
				C3D4DFD11E8CCCB9B5729951 /* [CP] Check Pods Manifest.lock */,
				FEB274472D3D538600BA8EE2 /* Sources */,
				FEB274482D3D538600BA8EE2 /* Frameworks */,
				FEB274492D3D538600BA8EE2 /* Resources */,
				05D1F7AE55DCEAABCF38D5DF /* [CP] Embed Pods Frameworks */,
			);
			buildRules = (
			);
			dependencies = (
				FEB2744D2D3D538600BA8EE2 /* PBXTargetDependency */,
			);
			name = SevenApssExampleUITests;
			productName = SevenApssExampleUITests;
			productReference = FEB2744B2D3D538600BA8EE2 /* SevenApssExampleUITests.xctest */;
			productType = "com.apple.product-type.bundle.ui-testing";
		};
/* End PBXNativeTarget section */

/* Begin PBXProject section */
		FEB274232D3D538500BA8EE2 /* Project object */ = {
			isa = PBXProject;
			attributes = {
				BuildIndependentTargetsInParallel = 1;
				LastSwiftUpdateCheck = 1530;
				LastUpgradeCheck = 1530;
				TargetAttributes = {
					FEB2742A2D3D538500BA8EE2 = {
						CreatedOnToolsVersion = 15.3;
					};
					FEB274402D3D538600BA8EE2 = {
						CreatedOnToolsVersion = 15.3;
						TestTargetID = FEB2742A2D3D538500BA8EE2;
					};
					FEB2744A2D3D538600BA8EE2 = {
						CreatedOnToolsVersion = 15.3;
						TestTargetID = FEB2742A2D3D538500BA8EE2;
					};
				};
			};
			buildConfigurationList = FEB274262D3D538500BA8EE2 /* Build configuration list for PBXProject "SevenApssExample" */;
			compatibilityVersion = "Xcode 14.0";
			developmentRegion = en;
			hasScannedForEncodings = 0;
			knownRegions = (
				en,
				Base,
				tr,
			);
			mainGroup = FEB274222D3D538500BA8EE2;
			productRefGroup = FEB2742C2D3D538500BA8EE2 /* Products */;
			projectDirPath = "";
			projectRoot = "";
			targets = (
				FEB2742A2D3D538500BA8EE2 /* SevenApssExample */,
				FEB274402D3D538600BA8EE2 /* SevenApssExampleTests */,
				FEB2744A2D3D538600BA8EE2 /* SevenApssExampleUITests */,
			);
		};
/* End PBXProject section */

/* Begin PBXResourcesBuildPhase section */
		FEB274292D3D538500BA8EE2 /* Resources */ = {
			isa = PBXResourcesBuildPhase;
			buildActionMask = 2147483647;
			files = (
				FEB274382D3D538600BA8EE2 /* Assets.xcassets in Resources */,
				FEB2747E2D3D5DA200BA8EE2 /* Localizable.strings in Resources */,
				FEB2746F2D3D58D900BA8EE2 /* UserTableViewCell.xib in Resources */,
				FEB2743B2D3D538600BA8EE2 /* Base in Resources */,
			);
			runOnlyForDeploymentPostprocessing = 0;
		};
		FEB2743F2D3D538600BA8EE2 /* Resources */ = {
			isa = PBXResourcesBuildPhase;
			buildActionMask = 2147483647;
			files = (
			);
			runOnlyForDeploymentPostprocessing = 0;
		};
		FEB274492D3D538600BA8EE2 /* Resources */ = {
			isa = PBXResourcesBuildPhase;
			buildActionMask = 2147483647;
			files = (
			);
			runOnlyForDeploymentPostprocessing = 0;
		};
/* End PBXResourcesBuildPhase section */

/* Begin PBXShellScriptBuildPhase section */
		05D1F7AE55DCEAABCF38D5DF /* [CP] Embed Pods Frameworks */ = {
			isa = PBXShellScriptBuildPhase;
			buildActionMask = 2147483647;
			files = (
			);
			inputFileListPaths = (
				"${PODS_ROOT}/Target Support Files/Pods-SevenApssExample-SevenApssExampleUITests/Pods-SevenApssExample-SevenApssExampleUITests-frameworks-${CONFIGURATION}-input-files.xcfilelist",
			);
			name = "[CP] Embed Pods Frameworks";
			outputFileListPaths = (
				"${PODS_ROOT}/Target Support Files/Pods-SevenApssExample-SevenApssExampleUITests/Pods-SevenApssExample-SevenApssExampleUITests-frameworks-${CONFIGURATION}-output-files.xcfilelist",
			);
			runOnlyForDeploymentPostprocessing = 0;
			shellPath = /bin/sh;
			shellScript = "\"${PODS_ROOT}/Target Support Files/Pods-SevenApssExample-SevenApssExampleUITests/Pods-SevenApssExample-SevenApssExampleUITests-frameworks.sh\"\n";
			showEnvVarsInLog = 0;
		};
		0ECFD917C83389CF27ACD1EB /* [CP] Check Pods Manifest.lock */ = {
			isa = PBXShellScriptBuildPhase;
			buildActionMask = 2147483647;
			files = (
			);
			inputFileListPaths = (
			);
			inputPaths = (
				"${PODS_PODFILE_DIR_PATH}/Podfile.lock",
				"${PODS_ROOT}/Manifest.lock",
			);
			name = "[CP] Check Pods Manifest.lock";
			outputFileListPaths = (
			);
			outputPaths = (
				"$(DERIVED_FILE_DIR)/Pods-SevenApssExample-checkManifestLockResult.txt",
			);
			runOnlyForDeploymentPostprocessing = 0;
			shellPath = /bin/sh;
			shellScript = "diff \"${PODS_PODFILE_DIR_PATH}/Podfile.lock\" \"${PODS_ROOT}/Manifest.lock\" > /dev/null\nif [ $? != 0 ] ; then\n    # print error to STDERR\n    echo \"error: The sandbox is not in sync with the Podfile.lock. Run 'pod install' or update your CocoaPods installation.\" >&2\n    exit 1\nfi\n# This output is used by Xcode 'outputs' to avoid re-running this script phase.\necho \"SUCCESS\" > \"${SCRIPT_OUTPUT_FILE_0}\"\n";
			showEnvVarsInLog = 0;
		};
		3405B9527418CEEC5AE5B113 /* [CP] Check Pods Manifest.lock */ = {
			isa = PBXShellScriptBuildPhase;
			buildActionMask = 2147483647;
			files = (
			);
			inputFileListPaths = (
			);
			inputPaths = (
				"${PODS_PODFILE_DIR_PATH}/Podfile.lock",
				"${PODS_ROOT}/Manifest.lock",
			);
			name = "[CP] Check Pods Manifest.lock";
			outputFileListPaths = (
			);
			outputPaths = (
				"$(DERIVED_FILE_DIR)/Pods-SevenApssExampleTests-checkManifestLockResult.txt",
			);
			runOnlyForDeploymentPostprocessing = 0;
			shellPath = /bin/sh;
			shellScript = "diff \"${PODS_PODFILE_DIR_PATH}/Podfile.lock\" \"${PODS_ROOT}/Manifest.lock\" > /dev/null\nif [ $? != 0 ] ; then\n    # print error to STDERR\n    echo \"error: The sandbox is not in sync with the Podfile.lock. Run 'pod install' or update your CocoaPods installation.\" >&2\n    exit 1\nfi\n# This output is used by Xcode 'outputs' to avoid re-running this script phase.\necho \"SUCCESS\" > \"${SCRIPT_OUTPUT_FILE_0}\"\n";
			showEnvVarsInLog = 0;
		};
		C3D4DFD11E8CCCB9B5729951 /* [CP] Check Pods Manifest.lock */ = {
			isa = PBXShellScriptBuildPhase;
			buildActionMask = 2147483647;
			files = (
			);
			inputFileListPaths = (
			);
			inputPaths = (
				"${PODS_PODFILE_DIR_PATH}/Podfile.lock",
				"${PODS_ROOT}/Manifest.lock",
			);
			name = "[CP] Check Pods Manifest.lock";
			outputFileListPaths = (
			);
			outputPaths = (
				"$(DERIVED_FILE_DIR)/Pods-SevenApssExample-SevenApssExampleUITests-checkManifestLockResult.txt",
			);
			runOnlyForDeploymentPostprocessing = 0;
			shellPath = /bin/sh;
			shellScript = "diff \"${PODS_PODFILE_DIR_PATH}/Podfile.lock\" \"${PODS_ROOT}/Manifest.lock\" > /dev/null\nif [ $? != 0 ] ; then\n    # print error to STDERR\n    echo \"error: The sandbox is not in sync with the Podfile.lock. Run 'pod install' or update your CocoaPods installation.\" >&2\n    exit 1\nfi\n# This output is used by Xcode 'outputs' to avoid re-running this script phase.\necho \"SUCCESS\" > \"${SCRIPT_OUTPUT_FILE_0}\"\n";
			showEnvVarsInLog = 0;
		};
		F966B7CB133C2CDC00084956 /* [CP] Embed Pods Frameworks */ = {
			isa = PBXShellScriptBuildPhase;
			buildActionMask = 2147483647;
			files = (
			);
			inputFileListPaths = (
				"${PODS_ROOT}/Target Support Files/Pods-SevenApssExample/Pods-SevenApssExample-frameworks-${CONFIGURATION}-input-files.xcfilelist",
			);
			name = "[CP] Embed Pods Frameworks";
			outputFileListPaths = (
				"${PODS_ROOT}/Target Support Files/Pods-SevenApssExample/Pods-SevenApssExample-frameworks-${CONFIGURATION}-output-files.xcfilelist",
			);
			runOnlyForDeploymentPostprocessing = 0;
			shellPath = /bin/sh;
			shellScript = "\"${PODS_ROOT}/Target Support Files/Pods-SevenApssExample/Pods-SevenApssExample-frameworks.sh\"\n";
			showEnvVarsInLog = 0;
		};
/* End PBXShellScriptBuildPhase section */

/* Begin PBXSourcesBuildPhase section */
		FEB274272D3D538500BA8EE2 /* Sources */ = {
			isa = PBXSourcesBuildPhase;
			buildActionMask = 2147483647;
			files = (
				FEB274642D3D562C00BA8EE2 /* UserViewModel.swift in Sources */,
				FEB274332D3D538500BA8EE2 /* UserViewController.swift in Sources */,
				FEB274782D3D5D4A00BA8EE2 /* UserDetailViewController.swift in Sources */,
				FEB2742F2D3D538500BA8EE2 /* AppDelegate.swift in Sources */,
				FEB274842D3D61DC00BA8EE2 /* UILabel+Ext.swift in Sources */,
				FEB274312D3D538500BA8EE2 /* SceneDelegate.swift in Sources */,
				FEB2747B2D3D5D9200BA8EE2 /* LocalizableUtils.swift in Sources */,
				FEB2746E2D3D58D900BA8EE2 /* UserTableViewCell.swift in Sources */,
				FEB274762D3D5C3400BA8EE2 /* BaseTableViewCell.swift in Sources */,
				FEB274742D3D5AB800BA8EE2 /* Constants.swift in Sources */,
				FEB2746A2D3D58B600BA8EE2 /* UITableView+Ext.swift in Sources */,
				FEB274822D3D600500BA8EE2 /* UserRepository.swift in Sources */,
				FEB274622D3D562100BA8EE2 /* UserModel.swift in Sources */,
				FEB274672D3D57E800BA8EE2 /* BaseViewController.swift in Sources */,
				FEB274712D3D5A5F00BA8EE2 /* APIClient.swift in Sources */,
			);
			runOnlyForDeploymentPostprocessing = 0;
		};
		FEB2743D2D3D538600BA8EE2 /* Sources */ = {
			isa = PBXSourcesBuildPhase;
			buildActionMask = 2147483647;
			files = (
				FEB274462D3D538600BA8EE2 /* SevenApssExampleTests.swift in Sources */,
			);
			runOnlyForDeploymentPostprocessing = 0;
		};
		FEB274472D3D538600BA8EE2 /* Sources */ = {
			isa = PBXSourcesBuildPhase;
			buildActionMask = 2147483647;
			files = (
				FEB274522D3D538600BA8EE2 /* SevenApssExampleUITestsLaunchTests.swift in Sources */,
				FEB274502D3D538600BA8EE2 /* SevenApssExampleUITests.swift in Sources */,
			);
			runOnlyForDeploymentPostprocessing = 0;
		};
/* End PBXSourcesBuildPhase section */

/* Begin PBXTargetDependency section */
		FEB274432D3D538600BA8EE2 /* PBXTargetDependency */ = {
			isa = PBXTargetDependency;
			target = FEB2742A2D3D538500BA8EE2 /* SevenApssExample */;
			targetProxy = FEB274422D3D538600BA8EE2 /* PBXContainerItemProxy */;
		};
		FEB2744D2D3D538600BA8EE2 /* PBXTargetDependency */ = {
			isa = PBXTargetDependency;
			target = FEB2742A2D3D538500BA8EE2 /* SevenApssExample */;
			targetProxy = FEB2744C2D3D538600BA8EE2 /* PBXContainerItemProxy */;
		};
/* End PBXTargetDependency section */

/* Begin PBXVariantGroup section */
		FEB274392D3D538600BA8EE2 /* LaunchScreen.storyboard */ = {
			isa = PBXVariantGroup;
			children = (
				FEB2743A2D3D538600BA8EE2 /* Base */,
				FEB2747F2D3D5DAE00BA8EE2 /* tr */,
			);
			name = LaunchScreen.storyboard;
			sourceTree = "<group>";
		};
		FEB2747C2D3D5DA200BA8EE2 /* Localizable.strings */ = {
			isa = PBXVariantGroup;
			children = (
				FEB2747D2D3D5DA200BA8EE2 /* en */,
				FEB274802D3D5DAE00BA8EE2 /* tr */,
			);
			name = Localizable.strings;
			sourceTree = "<group>";
		};
/* End PBXVariantGroup section */

/* Begin XCBuildConfiguration section */
		FEB274532D3D538600BA8EE2 /* Debug */ = {
			isa = XCBuildConfiguration;
			buildSettings = {
				ALWAYS_SEARCH_USER_PATHS = NO;
				ASSETCATALOG_COMPILER_GENERATE_SWIFT_ASSET_SYMBOL_EXTENSIONS = YES;
				CLANG_ANALYZER_LOCALIZABILITY_NONLOCALIZED = YES;
				CLANG_ANALYZER_NONNULL = YES;
				CLANG_ANALYZER_NUMBER_OBJECT_CONVERSION = YES_AGGRESSIVE;
				CLANG_CXX_LANGUAGE_STANDARD = "gnu++20";
				CLANG_ENABLE_MODULES = YES;
				CLANG_ENABLE_OBJC_ARC = YES;
				CLANG_ENABLE_OBJC_WEAK = YES;
				CLANG_WARN_BLOCK_CAPTURE_AUTORELEASING = YES;
				CLANG_WARN_BOOL_CONVERSION = YES;
				CLANG_WARN_COMMA = YES;
				CLANG_WARN_CONSTANT_CONVERSION = YES;
				CLANG_WARN_DEPRECATED_OBJC_IMPLEMENTATIONS = YES;
				CLANG_WARN_DIRECT_OBJC_ISA_USAGE = YES_ERROR;
				CLANG_WARN_DOCUMENTATION_COMMENTS = YES;
				CLANG_WARN_EMPTY_BODY = YES;
				CLANG_WARN_ENUM_CONVERSION = YES;
				CLANG_WARN_INFINITE_RECURSION = YES;
				CLANG_WARN_INT_CONVERSION = YES;
				CLANG_WARN_NON_LITERAL_NULL_CONVERSION = YES;
				CLANG_WARN_OBJC_IMPLICIT_RETAIN_SELF = YES;
				CLANG_WARN_OBJC_LITERAL_CONVERSION = YES;
				CLANG_WARN_OBJC_ROOT_CLASS = YES_ERROR;
				CLANG_WARN_QUOTED_INCLUDE_IN_FRAMEWORK_HEADER = YES;
				CLANG_WARN_RANGE_LOOP_ANALYSIS = YES;
				CLANG_WARN_STRICT_PROTOTYPES = YES;
				CLANG_WARN_SUSPICIOUS_MOVE = YES;
				CLANG_WARN_UNGUARDED_AVAILABILITY = YES_AGGRESSIVE;
				CLANG_WARN_UNREACHABLE_CODE = YES;
				CLANG_WARN__DUPLICATE_METHOD_MATCH = YES;
				COPY_PHASE_STRIP = NO;
				DEBUG_INFORMATION_FORMAT = dwarf;
				ENABLE_STRICT_OBJC_MSGSEND = YES;
				ENABLE_TESTABILITY = YES;
				ENABLE_USER_SCRIPT_SANDBOXING = YES;
				GCC_C_LANGUAGE_STANDARD = gnu17;
				GCC_DYNAMIC_NO_PIC = NO;
				GCC_NO_COMMON_BLOCKS = YES;
				GCC_OPTIMIZATION_LEVEL = 0;
				GCC_PREPROCESSOR_DEFINITIONS = (
					"DEBUG=1",
					"$(inherited)",
				);
				GCC_WARN_64_TO_32_BIT_CONVERSION = YES;
				GCC_WARN_ABOUT_RETURN_TYPE = YES_ERROR;
				GCC_WARN_UNDECLARED_SELECTOR = YES;
				GCC_WARN_UNINITIALIZED_AUTOS = YES_AGGRESSIVE;
				GCC_WARN_UNUSED_FUNCTION = YES;
				GCC_WARN_UNUSED_VARIABLE = YES;
				IPHONEOS_DEPLOYMENT_TARGET = 17.4;
				LOCALIZATION_PREFERS_STRING_CATALOGS = YES;
				MTL_ENABLE_DEBUG_INFO = INCLUDE_SOURCE;
				MTL_FAST_MATH = YES;
				ONLY_ACTIVE_ARCH = YES;
				SDKROOT = iphoneos;
				SWIFT_ACTIVE_COMPILATION_CONDITIONS = "DEBUG $(inherited)";
				SWIFT_OPTIMIZATION_LEVEL = "-Onone";
			};
			name = Debug;
		};
		FEB274542D3D538600BA8EE2 /* Release */ = {
			isa = XCBuildConfiguration;
			buildSettings = {
				ALWAYS_SEARCH_USER_PATHS = NO;
				ASSETCATALOG_COMPILER_GENERATE_SWIFT_ASSET_SYMBOL_EXTENSIONS = YES;
				CLANG_ANALYZER_LOCALIZABILITY_NONLOCALIZED = YES;
				CLANG_ANALYZER_NONNULL = YES;
				CLANG_ANALYZER_NUMBER_OBJECT_CONVERSION = YES_AGGRESSIVE;
				CLANG_CXX_LANGUAGE_STANDARD = "gnu++20";
				CLANG_ENABLE_MODULES = YES;
				CLANG_ENABLE_OBJC_ARC = YES;
				CLANG_ENABLE_OBJC_WEAK = YES;
				CLANG_WARN_BLOCK_CAPTURE_AUTORELEASING = YES;
				CLANG_WARN_BOOL_CONVERSION = YES;
				CLANG_WARN_COMMA = YES;
				CLANG_WARN_CONSTANT_CONVERSION = YES;
				CLANG_WARN_DEPRECATED_OBJC_IMPLEMENTATIONS = YES;
				CLANG_WARN_DIRECT_OBJC_ISA_USAGE = YES_ERROR;
				CLANG_WARN_DOCUMENTATION_COMMENTS = YES;
				CLANG_WARN_EMPTY_BODY = YES;
				CLANG_WARN_ENUM_CONVERSION = YES;
				CLANG_WARN_INFINITE_RECURSION = YES;
				CLANG_WARN_INT_CONVERSION = YES;
				CLANG_WARN_NON_LITERAL_NULL_CONVERSION = YES;
				CLANG_WARN_OBJC_IMPLICIT_RETAIN_SELF = YES;
				CLANG_WARN_OBJC_LITERAL_CONVERSION = YES;
				CLANG_WARN_OBJC_ROOT_CLASS = YES_ERROR;
				CLANG_WARN_QUOTED_INCLUDE_IN_FRAMEWORK_HEADER = YES;
				CLANG_WARN_RANGE_LOOP_ANALYSIS = YES;
				CLANG_WARN_STRICT_PROTOTYPES = YES;
				CLANG_WARN_SUSPICIOUS_MOVE = YES;
				CLANG_WARN_UNGUARDED_AVAILABILITY = YES_AGGRESSIVE;
				CLANG_WARN_UNREACHABLE_CODE = YES;
				CLANG_WARN__DUPLICATE_METHOD_MATCH = YES;
				COPY_PHASE_STRIP = NO;
				DEBUG_INFORMATION_FORMAT = "dwarf-with-dsym";
				ENABLE_NS_ASSERTIONS = NO;
				ENABLE_STRICT_OBJC_MSGSEND = YES;
				ENABLE_USER_SCRIPT_SANDBOXING = YES;
				GCC_C_LANGUAGE_STANDARD = gnu17;
				GCC_NO_COMMON_BLOCKS = YES;
				GCC_WARN_64_TO_32_BIT_CONVERSION = YES;
				GCC_WARN_ABOUT_RETURN_TYPE = YES_ERROR;
				GCC_WARN_UNDECLARED_SELECTOR = YES;
				GCC_WARN_UNINITIALIZED_AUTOS = YES_AGGRESSIVE;
				GCC_WARN_UNUSED_FUNCTION = YES;
				GCC_WARN_UNUSED_VARIABLE = YES;
				IPHONEOS_DEPLOYMENT_TARGET = 17.4;
				LOCALIZATION_PREFERS_STRING_CATALOGS = YES;
				MTL_ENABLE_DEBUG_INFO = NO;
				MTL_FAST_MATH = YES;
				SDKROOT = iphoneos;
				SWIFT_COMPILATION_MODE = wholemodule;
				VALIDATE_PRODUCT = YES;
			};
			name = Release;
		};
		FEB274562D3D538600BA8EE2 /* Debug */ = {
			isa = XCBuildConfiguration;
			baseConfigurationReference = A6EDFF2381EFA2B25E52A1FB /* Pods-SevenApssExample.debug.xcconfig */;
			buildSettings = {
				ASSETCATALOG_COMPILER_APPICON_NAME = AppIcon;
				ASSETCATALOG_COMPILER_GLOBAL_ACCENT_COLOR_NAME = AccentColor;
				CODE_SIGN_STYLE = Automatic;
				CURRENT_PROJECT_VERSION = 1;
				DEVELOPMENT_TEAM = LQ7CGQP2M5;
				ENABLE_USER_SCRIPT_SANDBOXING = NO;
				GENERATE_INFOPLIST_FILE = YES;
				INFOPLIST_FILE = SevenApssExample/Info.plist;
				INFOPLIST_KEY_UIApplicationSupportsIndirectInputEvents = YES;
				INFOPLIST_KEY_UILaunchStoryboardName = LaunchScreen;
				INFOPLIST_KEY_UIMainStoryboardFile = "";
				INFOPLIST_KEY_UISupportedInterfaceOrientations_iPad = "UIInterfaceOrientationPortrait UIInterfaceOrientationPortraitUpsideDown UIInterfaceOrientationLandscapeLeft UIInterfaceOrientationLandscapeRight";
				INFOPLIST_KEY_UISupportedInterfaceOrientations_iPhone = "UIInterfaceOrientationPortrait UIInterfaceOrientationLandscapeLeft UIInterfaceOrientationLandscapeRight";
				LD_RUNPATH_SEARCH_PATHS = (
					"$(inherited)",
					"@executable_path/Frameworks",
				);
				MARKETING_VERSION = 1.0;
				PRODUCT_BUNDLE_IDENTIFIER = sevenAppsExample.SevenApssExample;
				PRODUCT_NAME = "$(TARGET_NAME)";
				SWIFT_EMIT_LOC_STRINGS = YES;
				SWIFT_VERSION = 5.0;
				TARGETED_DEVICE_FAMILY = "1,2";
			};
			name = Debug;
		};
		FEB274572D3D538600BA8EE2 /* Release */ = {
			isa = XCBuildConfiguration;
			baseConfigurationReference = 98ECDC5EB131AB4FF3421A76 /* Pods-SevenApssExample.release.xcconfig */;
			buildSettings = {
				ASSETCATALOG_COMPILER_APPICON_NAME = AppIcon;
				ASSETCATALOG_COMPILER_GLOBAL_ACCENT_COLOR_NAME = AccentColor;
				CODE_SIGN_STYLE = Automatic;
				CURRENT_PROJECT_VERSION = 1;
				DEVELOPMENT_TEAM = LQ7CGQP2M5;
				ENABLE_USER_SCRIPT_SANDBOXING = NO;
				GENERATE_INFOPLIST_FILE = YES;
				INFOPLIST_FILE = SevenApssExample/Info.plist;
				INFOPLIST_KEY_UIApplicationSupportsIndirectInputEvents = YES;
				INFOPLIST_KEY_UILaunchStoryboardName = LaunchScreen;
				INFOPLIST_KEY_UIMainStoryboardFile = "";
				INFOPLIST_KEY_UISupportedInterfaceOrientations_iPad = "UIInterfaceOrientationPortrait UIInterfaceOrientationPortraitUpsideDown UIInterfaceOrientationLandscapeLeft UIInterfaceOrientationLandscapeRight";
				INFOPLIST_KEY_UISupportedInterfaceOrientations_iPhone = "UIInterfaceOrientationPortrait UIInterfaceOrientationLandscapeLeft UIInterfaceOrientationLandscapeRight";
				LD_RUNPATH_SEARCH_PATHS = (
					"$(inherited)",
					"@executable_path/Frameworks",
				);
				MARKETING_VERSION = 1.0;
				PRODUCT_BUNDLE_IDENTIFIER = sevenAppsExample.SevenApssExample;
				PRODUCT_NAME = "$(TARGET_NAME)";
				SWIFT_EMIT_LOC_STRINGS = YES;
				SWIFT_VERSION = 5.0;
				TARGETED_DEVICE_FAMILY = "1,2";
			};
			name = Release;
		};
		FEB274592D3D538600BA8EE2 /* Debug */ = {
			isa = XCBuildConfiguration;
			baseConfigurationReference = 2C5BAC51D914367ABC4096B8 /* Pods-SevenApssExampleTests.debug.xcconfig */;
			buildSettings = {
				ALWAYS_EMBED_SWIFT_STANDARD_LIBRARIES = YES;
				BUNDLE_LOADER = "$(TEST_HOST)";
				CODE_SIGN_STYLE = Automatic;
				CURRENT_PROJECT_VERSION = 1;
				DEVELOPMENT_TEAM = LQ7CGQP2M5;
				GENERATE_INFOPLIST_FILE = YES;
				IPHONEOS_DEPLOYMENT_TARGET = 17.4;
				MARKETING_VERSION = 1.0;
				PRODUCT_BUNDLE_IDENTIFIER = sevenAppsExample.SevenApssExampleTests;
				PRODUCT_NAME = "$(TARGET_NAME)";
				SWIFT_EMIT_LOC_STRINGS = NO;
				SWIFT_VERSION = 5.0;
				TARGETED_DEVICE_FAMILY = "1,2";
				TEST_HOST = "$(BUILT_PRODUCTS_DIR)/SevenApssExample.app/$(BUNDLE_EXECUTABLE_FOLDER_PATH)/SevenApssExample";
			};
			name = Debug;
		};
		FEB2745A2D3D538600BA8EE2 /* Release */ = {
			isa = XCBuildConfiguration;
			baseConfigurationReference = C639ACF6441233BEDBC54F6F /* Pods-SevenApssExampleTests.release.xcconfig */;
			buildSettings = {
				ALWAYS_EMBED_SWIFT_STANDARD_LIBRARIES = YES;
				BUNDLE_LOADER = "$(TEST_HOST)";
				CODE_SIGN_STYLE = Automatic;
				CURRENT_PROJECT_VERSION = 1;
				DEVELOPMENT_TEAM = LQ7CGQP2M5;
				GENERATE_INFOPLIST_FILE = YES;
				IPHONEOS_DEPLOYMENT_TARGET = 17.4;
				MARKETING_VERSION = 1.0;
				PRODUCT_BUNDLE_IDENTIFIER = sevenAppsExample.SevenApssExampleTests;
				PRODUCT_NAME = "$(TARGET_NAME)";
				SWIFT_EMIT_LOC_STRINGS = NO;
				SWIFT_VERSION = 5.0;
				TARGETED_DEVICE_FAMILY = "1,2";
				TEST_HOST = "$(BUILT_PRODUCTS_DIR)/SevenApssExample.app/$(BUNDLE_EXECUTABLE_FOLDER_PATH)/SevenApssExample";
			};
			name = Release;
		};
		FEB2745C2D3D538600BA8EE2 /* Debug */ = {
			isa = XCBuildConfiguration;
			baseConfigurationReference = 57DD0E3855FBC4CAFFA3C118 /* Pods-SevenApssExample-SevenApssExampleUITests.debug.xcconfig */;
			buildSettings = {
				ALWAYS_EMBED_SWIFT_STANDARD_LIBRARIES = YES;
				CODE_SIGN_STYLE = Automatic;
				CURRENT_PROJECT_VERSION = 1;
				DEVELOPMENT_TEAM = LQ7CGQP2M5;
				GENERATE_INFOPLIST_FILE = YES;
				MARKETING_VERSION = 1.0;
				PRODUCT_BUNDLE_IDENTIFIER = sevenAppsExample.SevenApssExampleUITests;
				PRODUCT_NAME = "$(TARGET_NAME)";
				SWIFT_EMIT_LOC_STRINGS = NO;
				SWIFT_VERSION = 5.0;
				TARGETED_DEVICE_FAMILY = "1,2";
				TEST_TARGET_NAME = SevenApssExample;
			};
			name = Debug;
		};
		FEB2745D2D3D538600BA8EE2 /* Release */ = {
			isa = XCBuildConfiguration;
			baseConfigurationReference = 7E720416124917561623EB93 /* Pods-SevenApssExample-SevenApssExampleUITests.release.xcconfig */;
			buildSettings = {
				ALWAYS_EMBED_SWIFT_STANDARD_LIBRARIES = YES;
				CODE_SIGN_STYLE = Automatic;
				CURRENT_PROJECT_VERSION = 1;
				DEVELOPMENT_TEAM = LQ7CGQP2M5;
				GENERATE_INFOPLIST_FILE = YES;
				MARKETING_VERSION = 1.0;
				PRODUCT_BUNDLE_IDENTIFIER = sevenAppsExample.SevenApssExampleUITests;
				PRODUCT_NAME = "$(TARGET_NAME)";
				SWIFT_EMIT_LOC_STRINGS = NO;
				SWIFT_VERSION = 5.0;
				TARGETED_DEVICE_FAMILY = "1,2";
				TEST_TARGET_NAME = SevenApssExample;
			};
			name = Release;
		};
/* End XCBuildConfiguration section */

/* Begin XCConfigurationList section */
		FEB274262D3D538500BA8EE2 /* Build configuration list for PBXProject "SevenApssExample" */ = {
			isa = XCConfigurationList;
			buildConfigurations = (
				FEB274532D3D538600BA8EE2 /* Debug */,
				FEB274542D3D538600BA8EE2 /* Release */,
			);
			defaultConfigurationIsVisible = 0;
			defaultConfigurationName = Release;
		};
		FEB274552D3D538600BA8EE2 /* Build configuration list for PBXNativeTarget "SevenApssExample" */ = {
			isa = XCConfigurationList;
			buildConfigurations = (
				FEB274562D3D538600BA8EE2 /* Debug */,
				FEB274572D3D538600BA8EE2 /* Release */,
			);
			defaultConfigurationIsVisible = 0;
			defaultConfigurationName = Release;
		};
		FEB274582D3D538600BA8EE2 /* Build configuration list for PBXNativeTarget "SevenApssExampleTests" */ = {
			isa = XCConfigurationList;
			buildConfigurations = (
				FEB274592D3D538600BA8EE2 /* Debug */,
				FEB2745A2D3D538600BA8EE2 /* Release */,
			);
			defaultConfigurationIsVisible = 0;
			defaultConfigurationName = Release;
		};
		FEB2745B2D3D538600BA8EE2 /* Build configuration list for PBXNativeTarget "SevenApssExampleUITests" */ = {
			isa = XCConfigurationList;
			buildConfigurations = (
				FEB2745C2D3D538600BA8EE2 /* Debug */,
				FEB2745D2D3D538600BA8EE2 /* Release */,
			);
			defaultConfigurationIsVisible = 0;
			defaultConfigurationName = Release;
		};
/* End XCConfigurationList section */
	};
	rootObject = FEB274232D3D538500BA8EE2 /* Project object */;
}
